
Microsoft Visual Studio Solution File, Format Version 11.00
# Visual Studio 2010
Project("{FAE04EC0-301F-11D3-BF4B-00C04F79EFBC}") = "Oculus.Platform", "Oculus.Platform.csproj", "{7e175115-d831-6036-ebfa-5dc1e0c1f534}"
EndProject
Project("{FAE04EC0-301F-11D3-BF4B-00C04F79EFBC}") = "Assembly-CSharp", "Assembly-CSharp.csproj", "{91cb843a-28a8-2354-63c7-9ced05dfd4ff}"
EndProject
Project("{FAE04EC0-301F-11D3-BF4B-00C04F79EFBC}") = "Mirror.Examples", "Mirror.Examples.csproj", "{dd5eb7c6-274b-0ef5-5c78-30682b3df2b9}"
EndProject
Project("{FAE04EC0-301F-11D3-BF4B-00C04F79EFBC}") = "Oculus.Interaction", "Oculus.Interaction.csproj", "{9b8dcb9e-d912-1408-6095-698606647ae6}"
EndProject
Project("{FAE04EC0-301F-11D3-BF4B-00C04F79EFBC}") = "Mirror", "Mirror.csproj", "{3df8abcc-5d4b-212c-d1ce-548dbb88cdda}"
EndProject
Project("{FAE04EC0-301F-11D3-BF4B-00C04F79EFBC}") = "Wave.Essence.InputModule", "Wave.Essence.InputModule.csproj", "{fee46517-ace6-48ea-bf1c-9a8cf9fdc2cb}"
EndProject
Project("{FAE04EC0-301F-11D3-BF4B-00C04F79EFBC}") = "Oculus.VR", "Oculus.VR.csproj", "{2fbbdc36-2319-5be8-06aa-6fbb590d8f85}"
EndProject
Project("{FAE04EC0-301F-11D3-BF4B-00C04F79EFBC}") = "PhotonUnityNetworking.Demos", "PhotonUnityNetworking.Demos.csproj", "{9a3956ca-7a25-72c3-93fe-fcb808c88662}"
EndProject
Project("{FAE04EC0-301F-11D3-BF4B-00C04F79EFBC}") = "Wave.Essence.Interaction.Mode", "Wave.Essence.Interaction.Mode.csproj", "{2d56a0f2-4f31-91d3-8475-5cc28132e508}"
EndProject
Project("{FAE04EC0-301F-11D3-BF4B-00C04F79EFBC}") = "Telepathy", "Telepathy.csproj", "{08780fa9-350f-c039-639b-a349f70449e0}"
EndProject
Project("{FAE04EC0-301F-11D3-BF4B-00C04F79EFBC}") = "PhotonRealtime", "PhotonRealtime.csproj", "{c5a22d58-f984-c747-b045-e3f76a542d58}"
EndProject
Project("{FAE04EC0-301F-11D3-BF4B-00C04F79EFBC}") = "PhotonUnityNetworking", "PhotonUnityNetworking.csproj", "{a850e086-f212-63a4-dc70-d79523c1d49f}"
EndProject
Project("{FAE04EC0-301F-11D3-BF4B-00C04F79EFBC}") = "VoiceSDK.Runtime", "VoiceSDK.Runtime.csproj", "{ab2d4a60-3468-0bf9-e232-a91ceaf0ad72}"
EndProject
Project("{FAE04EC0-301F-11D3-BF4B-00C04F79EFBC}") = "PhotonUnityNetworking.Utilities", "PhotonUnityNetworking.Utilities.csproj", "{ca6378b9-5aa2-9d29-54ad-d920f99b93bb}"
EndProject
Project("{FAE04EC0-301F-11D3-BF4B-00C04F79EFBC}") = "Facebook.WitAI", "Facebook.WitAI.csproj", "{46d734e7-9139-8150-78b2-094545971f38}"
EndProject
Project("{FAE04EC0-301F-11D3-BF4B-00C04F79EFBC}") = "Wave.Essence.Hand.Model", "Wave.Essence.Hand.Model.csproj", "{7978559f-00d4-c4a5-ee06-ce8f51edce37}"
EndProject
Project("{FAE04EC0-301F-11D3-BF4B-00C04F79EFBC}") = "Mirror.Components", "Mirror.Components.csproj", "{0ecc867c-47f8-3b86-46e6-30b9cb69f7eb}"
EndProject
Project("{FAE04EC0-301F-11D3-BF4B-00C04F79EFBC}") = "Oculus.Interaction.Samples", "Oculus.Interaction.Samples.csproj", "{aa53dd6e-ccd3-b74f-b4d5-906464e9186d}"
EndProject
Project("{FAE04EC0-301F-11D3-BF4B-00C04F79EFBC}") = "Oculus.Voice.Demo", "Oculus.Voice.Demo.csproj", "{e36f3930-e1b3-c7c9-a0e4-4ad84163aa6c}"
EndProject
Project("{FAE04EC0-301F-11D3-BF4B-00C04F79EFBC}") = "AssistantCoreSDKRuntime", "AssistantCoreSDKRuntime.csproj", "{82caadb4-d8c2-6c6e-063f-81aa101c9bc6}"
EndProject
Project("{FAE04EC0-301F-11D3-BF4B-00C04F79EFBC}") = "Wave.Essence.Controller.Model", "Wave.Essence.Controller.Model.csproj", "{9521203a-301b-dc55-8198-41910ac9ac10}"
EndProject
Project("{FAE04EC0-301F-11D3-BF4B-00C04F79EFBC}") = "Oculus.AudioManager", "Oculus.AudioManager.csproj", "{76c94797-9c19-a34c-55ab-e79be6e18491}"
EndProject
Project("{FAE04EC0-301F-11D3-BF4B-00C04F79EFBC}") = "Oculus.LipSync", "Oculus.LipSync.csproj", "{5e2e67c4-7f34-ba62-ace0-0ee040eea961}"
EndProject
Project("{FAE04EC0-301F-11D3-BF4B-00C04F79EFBC}") = "kcp2k", "kcp2k.csproj", "{5cb4c1c9-5e54-7ae5-8518-ebfcca4eded7}"
EndProject
Project("{FAE04EC0-301F-11D3-BF4B-00C04F79EFBC}") = "PhotonChat", "PhotonChat.csproj", "{3623d38c-9866-e7be-aac3-a092d6d3cf4e}"
EndProject
Project("{FAE04EC0-301F-11D3-BF4B-00C04F79EFBC}") = "Oculus.Spatializer", "Oculus.Spatializer.csproj", "{0d6d6a5f-f826-70ad-133e-f78fb6e65bf7}"
EndProject
Project("{FAE04EC0-301F-11D3-BF4B-00C04F79EFBC}") = "SimpleWebTransport", "SimpleWebTransport.csproj", "{856955e7-3b0b-8340-3e2b-e287a1d084ea}"
EndProject
Project("{FAE04EC0-301F-11D3-BF4B-00C04F79EFBC}") = "where-allocations", "where-allocations.csproj", "{b51e067b-c1ed-fcc5-4e8c-82ebb57bdb29}"
EndProject
Project("{FAE04EC0-301F-11D3-BF4B-00C04F79EFBC}") = "NavMeshComponents", "NavMeshComponents.csproj", "{243546a2-ab23-a9f3-cc5a-43f905af1206}"
EndProject
Project("{FAE04EC0-301F-11D3-BF4B-00C04F79EFBC}") = "Facebook.Wit.TTS", "Facebook.Wit.TTS.csproj", "{fc02eb41-d801-5cbc-2079-2cc1b8e9165f}"
EndProject
Project("{FAE04EC0-301F-11D3-BF4B-00C04F79EFBC}") = "Facebook.Wit.TTS.Samples", "Facebook.Wit.TTS.Samples.csproj", "{8c3817b7-29f4-f536-3fea-cedb81884fe4}"
EndProject
Project("{FAE04EC0-301F-11D3-BF4B-00C04F79EFBC}") = "Mirror.Authenticators", "Mirror.Authenticators.csproj", "{e8c107cf-8a8f-c2c9-084a-b2a99415af9b}"
EndProject
Project("{FAE04EC0-301F-11D3-BF4B-00C04F79EFBC}") = "Assembly-CSharp-firstpass", "Assembly-CSharp-firstpass.csproj", "{fc6b127b-9418-2181-6741-1d439a293993}"
EndProject
Project("{FAE04EC0-301F-11D3-BF4B-00C04F79EFBC}") = "PhotonUnityNetworking.Editor", "PhotonUnityNetworking.Editor.csproj", "{dd4caa7c-4c6f-16a3-d405-e79d826fe154}"
EndProject
Project("{FAE04EC0-301F-11D3-BF4B-00C04F79EFBC}") = "Assembly-CSharp-Editor", "Assembly-CSharp-Editor.csproj", "{f2db0cec-8d63-f7b3-7789-ffb5f1c27a15}"
EndProject
Project("{FAE04EC0-301F-11D3-BF4B-00C04F79EFBC}") = "Oculus.Interaction.Editor", "Oculus.Interaction.Editor.csproj", "{7f86fcc7-1110-c856-192e-e49f686038c0}"
EndProject
Project("{FAE04EC0-301F-11D3-BF4B-00C04F79EFBC}") = "Facebook.Wit.Editor", "Facebook.Wit.Editor.csproj", "{1b638ee9-f025-e3c1-91fc-4039f5df0d7f}"
EndProject
Project("{FAE04EC0-301F-11D3-BF4B-00C04F79EFBC}") = "Facebook.Wit.TTS.Editor", "Facebook.Wit.TTS.Editor.csproj", "{2d9f226a-08d7-7a2f-37fb-aafaf3d275d7}"
EndProject
Project("{FAE04EC0-301F-11D3-BF4B-00C04F79EFBC}") = "Unity.Mirror.CodeGen", "Unity.Mirror.CodeGen.csproj", "{9c547e18-12f3-4220-9929-aecaefa1cbef}"
EndProject
Project("{FAE04EC0-301F-11D3-BF4B-00C04F79EFBC}") = "PhotonUnityNetworking.Utilities.PhotonPlayer.Editor", "PhotonUnityNetworking.Utilities.PhotonPlayer.Editor.csproj", "{6a51ca85-919f-6a19-bcff-b9fb5eb228b3}"
EndProject
Project("{FAE04EC0-301F-11D3-BF4B-00C04F79EFBC}") = "Oculus.Platform.Editor", "Oculus.Platform.Editor.csproj", "{62d6190d-92f3-8302-fe2a-9cefad76f470}"
EndProject
Project("{FAE04EC0-301F-11D3-BF4B-00C04F79EFBC}") = "VoiceSDK.Editor", "VoiceSDK.Editor.csproj", "{c5437c0d-2ab3-b1f7-a46a-dfe1225a0816}"
EndProject
Project("{FAE04EC0-301F-11D3-BF4B-00C04F79EFBC}") = "Oculus.AudioManager.Audio.Editor", "Oculus.AudioManager.Audio.Editor.csproj", "{4227e897-a085-25fd-5d44-31a7ea09c110}"
EndProject
Project("{FAE04EC0-301F-11D3-BF4B-00C04F79EFBC}") = "Oculus.VR.Scripts.Editor", "Oculus.VR.Scripts.Editor.csproj", "{fd594e3c-4f08-c914-7e27-40f1529eed3a}"
EndProject
Project("{FAE04EC0-301F-11D3-BF4B-00C04F79EFBC}") = "Oculus.VR.Editor", "Oculus.VR.Editor.csproj", "{c8a5eab2-e2f1-ecc1-af2a-2f3398adadeb}"
EndProject
Project("{FAE04EC0-301F-11D3-BF4B-00C04F79EFBC}") = "Mirror.Editor", "Mirror.Editor.csproj", "{2cff8c20-4158-a5d4-a9d1-a587ef8e800d}"
EndProject
Project("{FAE04EC0-301F-11D3-BF4B-00C04F79EFBC}") = "Oculus.Spatializer.Editor", "Oculus.Spatializer.Editor.csproj", "{094f3ea9-2a78-0968-3d22-313fe421a8cc}"
EndProject
Project("{FAE04EC0-301F-11D3-BF4B-00C04F79EFBC}") = "Oculus.LipSync.Editor", "Oculus.LipSync.Editor.csproj", "{77252a5f-0c73-053f-8bd2-daf7ef3e38ce}"
EndProject
Project("{FAE04EC0-301F-11D3-BF4B-00C04F79EFBC}") = "NavMeshComponentsEditor", "NavMeshComponentsEditor.csproj", "{8789768b-4fa0-d624-b209-395b403d190f}"
EndProject
Project("{FAE04EC0-301F-11D3-BF4B-00C04F79EFBC}") = "Oculus.AudioManager.Utils.Editor", "Oculus.AudioManager.Utils.Editor.csproj", "{33ef3a3f-e77a-a553-e01e-8c276b097245}"
EndProject
Project("{FAE04EC0-301F-11D3-BF4B-00C04F79EFBC}") = "Mirror.CompilerSymbols", "Mirror.CompilerSymbols.csproj", "{9d0351a8-3f46-3dbe-ad61-cd075f5c2c98}"
EndProject
Project("{FAE04EC0-301F-11D3-BF4B-00C04F79EFBC}") = "Oculus.Interaction.Samples.Editor", "Oculus.Interaction.Samples.Editor.csproj", "{52073053-5193-d978-67d4-d7e1edcf5bad}"
EndProject
Project("{FAE04EC0-301F-11D3-BF4B-00C04F79EFBC}") = "PunDemos.DemoSlotcarEditor", "PunDemos.DemoSlotcarEditor.csproj", "{7f13c579-93f8-132d-e5be-d0fcae88e411}"
EndProject
Project("{FAE04EC0-301F-11D3-BF4B-00C04F79EFBC}") = "Oculus.Interaction.InterfaceSupport", "Oculus.Interaction.InterfaceSupport.csproj", "{4cecace8-dbb5-bfdd-eb4c-89e1a47f433b}"
EndProject
Project("{FAE04EC0-301F-11D3-BF4B-00C04F79EFBC}") = "PhotonUnityNetworking.Utilities.Culling.Editor", "PhotonUnityNetworking.Utilities.Culling.Editor.csproj", "{37d52c38-84a6-a0ea-eee0-00268c8ee86f}"
EndProject
Project("{FAE04EC0-301F-11D3-BF4B-00C04F79EFBC}") = "PunDemos.DemoHubEditor", "PunDemos.DemoHubEditor.csproj", "{9523c348-d8d6-f63c-9b63-fc90517fd811}"
EndProject
Project("{FAE04EC0-301F-11D3-BF4B-00C04F79EFBC}") = "AssistantCoreSDKEditor", "AssistantCoreSDKEditor.csproj", "{1b42a66d-30d6-d497-69c0-04f060236e5b}"
EndProject
Global
	GlobalSection(SolutionConfigurationPlatforms) = preSolution
		Debug|Any CPU = Debug|Any CPU
	EndGlobalSection
	GlobalSection(ProjectConfigurationPlatforms) = postSolution
		{7e175115-d831-6036-ebfa-5dc1e0c1f534}.Debug|Any CPU.ActiveCfg = Debug|Any CPU
		{7e175115-d831-6036-ebfa-5dc1e0c1f534}.Debug|Any CPU.Build.0 = Debug|Any CPU
		{91cb843a-28a8-2354-63c7-9ced05dfd4ff}.Debug|Any CPU.ActiveCfg = Debug|Any CPU
		{91cb843a-28a8-2354-63c7-9ced05dfd4ff}.Debug|Any CPU.Build.0 = Debug|Any CPU
		{dd5eb7c6-274b-0ef5-5c78-30682b3df2b9}.Debug|Any CPU.ActiveCfg = Debug|Any CPU
		{dd5eb7c6-274b-0ef5-5c78-30682b3df2b9}.Debug|Any CPU.Build.0 = Debug|Any CPU
		{9b8dcb9e-d912-1408-6095-698606647ae6}.Debug|Any CPU.ActiveCfg = Debug|Any CPU
		{9b8dcb9e-d912-1408-6095-698606647ae6}.Debug|Any CPU.Build.0 = Debug|Any CPU
		{3df8abcc-5d4b-212c-d1ce-548dbb88cdda}.Debug|Any CPU.ActiveCfg = Debug|Any CPU
		{3df8abcc-5d4b-212c-d1ce-548dbb88cdda}.Debug|Any CPU.Build.0 = Debug|Any CPU
		{fee46517-ace6-48ea-bf1c-9a8cf9fdc2cb}.Debug|Any CPU.ActiveCfg = Debug|Any CPU
		{fee46517-ace6-48ea-bf1c-9a8cf9fdc2cb}.Debug|Any CPU.Build.0 = Debug|Any CPU
		{2fbbdc36-2319-5be8-06aa-6fbb590d8f85}.Debug|Any CPU.ActiveCfg = Debug|Any CPU
		{2fbbdc36-2319-5be8-06aa-6fbb590d8f85}.Debug|Any CPU.Build.0 = Debug|Any CPU
		{9a3956ca-7a25-72c3-93fe-fcb808c88662}.Debug|Any CPU.ActiveCfg = Debug|Any CPU
		{9a3956ca-7a25-72c3-93fe-fcb808c88662}.Debug|Any CPU.Build.0 = Debug|Any CPU
		{2d56a0f2-4f31-91d3-8475-5cc28132e508}.Debug|Any CPU.ActiveCfg = Debug|Any CPU
		{2d56a0f2-4f31-91d3-8475-5cc28132e508}.Debug|Any CPU.Build.0 = Debug|Any CPU
		{08780fa9-350f-c039-639b-a349f70449e0}.Debug|Any CPU.ActiveCfg = Debug|Any CPU
		{08780fa9-350f-c039-639b-a349f70449e0}.Debug|Any CPU.Build.0 = Debug|Any CPU
		{c5a22d58-f984-c747-b045-e3f76a542d58}.Debug|Any CPU.ActiveCfg = Debug|Any CPU
		{c5a22d58-f984-c747-b045-e3f76a542d58}.Debug|Any CPU.Build.0 = Debug|Any CPU
		{a850e086-f212-63a4-dc70-d79523c1d49f}.Debug|Any CPU.ActiveCfg = Debug|Any CPU
		{a850e086-f212-63a4-dc70-d79523c1d49f}.Debug|Any CPU.Build.0 = Debug|Any CPU
		{ab2d4a60-3468-0bf9-e232-a91ceaf0ad72}.Debug|Any CPU.ActiveCfg = Debug|Any CPU
		{ab2d4a60-3468-0bf9-e232-a91ceaf0ad72}.Debug|Any CPU.Build.0 = Debug|Any CPU
		{ca6378b9-5aa2-9d29-54ad-d920f99b93bb}.Debug|Any CPU.ActiveCfg = Debug|Any CPU
		{ca6378b9-5aa2-9d29-54ad-d920f99b93bb}.Debug|Any CPU.Build.0 = Debug|Any CPU
		{46d734e7-9139-8150-78b2-094545971f38}.Debug|Any CPU.ActiveCfg = Debug|Any CPU
		{46d734e7-9139-8150-78b2-094545971f38}.Debug|Any CPU.Build.0 = Debug|Any CPU
		{7978559f-00d4-c4a5-ee06-ce8f51edce37}.Debug|Any CPU.ActiveCfg = Debug|Any CPU
		{7978559f-00d4-c4a5-ee06-ce8f51edce37}.Debug|Any CPU.Build.0 = Debug|Any CPU
		{0ecc867c-47f8-3b86-46e6-30b9cb69f7eb}.Debug|Any CPU.ActiveCfg = Debug|Any CPU
		{0ecc867c-47f8-3b86-46e6-30b9cb69f7eb}.Debug|Any CPU.Build.0 = Debug|Any CPU
		{aa53dd6e-ccd3-b74f-b4d5-906464e9186d}.Debug|Any CPU.ActiveCfg = Debug|Any CPU
		{aa53dd6e-ccd3-b74f-b4d5-906464e9186d}.Debug|Any CPU.Build.0 = Debug|Any CPU
		{e36f3930-e1b3-c7c9-a0e4-4ad84163aa6c}.Debug|Any CPU.ActiveCfg = Debug|Any CPU
		{e36f3930-e1b3-c7c9-a0e4-4ad84163aa6c}.Debug|Any CPU.Build.0 = Debug|Any CPU
		{82caadb4-d8c2-6c6e-063f-81aa101c9bc6}.Debug|Any CPU.ActiveCfg = Debug|Any CPU
		{82caadb4-d8c2-6c6e-063f-81aa101c9bc6}.Debug|Any CPU.Build.0 = Debug|Any CPU
		{9521203a-301b-dc55-8198-41910ac9ac10}.Debug|Any CPU.ActiveCfg = Debug|Any CPU
		{9521203a-301b-dc55-8198-41910ac9ac10}.Debug|Any CPU.Build.0 = Debug|Any CPU
		{76c94797-9c19-a34c-55ab-e79be6e18491}.Debug|Any CPU.ActiveCfg = Debug|Any CPU
		{76c94797-9c19-a34c-55ab-e79be6e18491}.Debug|Any CPU.Build.0 = Debug|Any CPU
		{5e2e67c4-7f34-ba62-ace0-0ee040eea961}.Debug|Any CPU.ActiveCfg = Debug|Any CPU
		{5e2e67c4-7f34-ba62-ace0-0ee040eea961}.Debug|Any CPU.Build.0 = Debug|Any CPU
		{5cb4c1c9-5e54-7ae5-8518-ebfcca4eded7}.Debug|Any CPU.ActiveCfg = Debug|Any CPU
		{5cb4c1c9-5e54-7ae5-8518-ebfcca4eded7}.Debug|Any CPU.Build.0 = Debug|Any CPU
		{3623d38c-9866-e7be-aac3-a092d6d3cf4e}.Debug|Any CPU.ActiveCfg = Debug|Any CPU
		{3623d38c-9866-e7be-aac3-a092d6d3cf4e}.Debug|Any CPU.Build.0 = Debug|Any CPU
		{0d6d6a5f-f826-70ad-133e-f78fb6e65bf7}.Debug|Any CPU.ActiveCfg = Debug|Any CPU
		{0d6d6a5f-f826-70ad-133e-f78fb6e65bf7}.Debug|Any CPU.Build.0 = Debug|Any CPU
		{856955e7-3b0b-8340-3e2b-e287a1d084ea}.Debug|Any CPU.ActiveCfg = Debug|Any CPU
		{856955e7-3b0b-8340-3e2b-e287a1d084ea}.Debug|Any CPU.Build.0 = Debug|Any CPU
		{b51e067b-c1ed-fcc5-4e8c-82ebb57bdb29}.Debug|Any CPU.ActiveCfg = Debug|Any CPU
		{b51e067b-c1ed-fcc5-4e8c-82ebb57bdb29}.Debug|Any CPU.Build.0 = Debug|Any CPU
		{243546a2-ab23-a9f3-cc5a-43f905af1206}.Debug|Any CPU.ActiveCfg = Debug|Any CPU
		{243546a2-ab23-a9f3-cc5a-43f905af1206}.Debug|Any CPU.Build.0 = Debug|Any CPU
		{fc02eb41-d801-5cbc-2079-2cc1b8e9165f}.Debug|Any CPU.ActiveCfg = Debug|Any CPU
		{fc02eb41-d801-5cbc-2079-2cc1b8e9165f}.Debug|Any CPU.Build.0 = Debug|Any CPU
		{8c3817b7-29f4-f536-3fea-cedb81884fe4}.Debug|Any CPU.ActiveCfg = Debug|Any CPU
		{8c3817b7-29f4-f536-3fea-cedb81884fe4}.Debug|Any CPU.Build.0 = Debug|Any CPU
		{e8c107cf-8a8f-c2c9-084a-b2a99415af9b}.Debug|Any CPU.ActiveCfg = Debug|Any CPU
		{e8c107cf-8a8f-c2c9-084a-b2a99415af9b}.Debug|Any CPU.Build.0 = Debug|Any CPU
		{fc6b127b-9418-2181-6741-1d439a293993}.Debug|Any CPU.ActiveCfg = Debug|Any CPU
		{fc6b127b-9418-2181-6741-1d439a293993}.Debug|Any CPU.Build.0 = Debug|Any CPU
		{dd4caa7c-4c6f-16a3-d405-e79d826fe154}.Debug|Any CPU.ActiveCfg = Debug|Any CPU
		{dd4caa7c-4c6f-16a3-d405-e79d826fe154}.Debug|Any CPU.Build.0 = Debug|Any CPU
		{f2db0cec-8d63-f7b3-7789-ffb5f1c27a15}.Debug|Any CPU.ActiveCfg = Debug|Any CPU
		{f2db0cec-8d63-f7b3-7789-ffb5f1c27a15}.Debug|Any CPU.Build.0 = Debug|Any CPU
		{7f86fcc7-1110-c856-192e-e49f686038c0}.Debug|Any CPU.ActiveCfg = Debug|Any CPU
		{7f86fcc7-1110-c856-192e-e49f686038c0}.Debug|Any CPU.Build.0 = Debug|Any CPU
		{1b638ee9-f025-e3c1-91fc-4039f5df0d7f}.Debug|Any CPU.ActiveCfg = Debug|Any CPU
		{1b638ee9-f025-e3c1-91fc-4039f5df0d7f}.Debug|Any CPU.Build.0 = Debug|Any CPU
		{2d9f226a-08d7-7a2f-37fb-aafaf3d275d7}.Debug|Any CPU.ActiveCfg = Debug|Any CPU
		{2d9f226a-08d7-7a2f-37fb-aafaf3d275d7}.Debug|Any CPU.Build.0 = Debug|Any CPU
		{9c547e18-12f3-4220-9929-aecaefa1cbef}.Debug|Any CPU.ActiveCfg = Debug|Any CPU
		{9c547e18-12f3-4220-9929-aecaefa1cbef}.Debug|Any CPU.Build.0 = Debug|Any CPU
		{6a51ca85-919f-6a19-bcff-b9fb5eb228b3}.Debug|Any CPU.ActiveCfg = Debug|Any CPU
		{6a51ca85-919f-6a19-bcff-b9fb5eb228b3}.Debug|Any CPU.Build.0 = Debug|Any CPU
		{62d6190d-92f3-8302-fe2a-9cefad76f470}.Debug|Any CPU.ActiveCfg = Debug|Any CPU
		{62d6190d-92f3-8302-fe2a-9cefad76f470}.Debug|Any CPU.Build.0 = Debug|Any CPU
		{c5437c0d-2ab3-b1f7-a46a-dfe1225a0816}.Debug|Any CPU.ActiveCfg = Debug|Any CPU
		{c5437c0d-2ab3-b1f7-a46a-dfe1225a0816}.Debug|Any CPU.Build.0 = Debug|Any CPU
		{4227e897-a085-25fd-5d44-31a7ea09c110}.Debug|Any CPU.ActiveCfg = Debug|Any CPU
		{4227e897-a085-25fd-5d44-31a7ea09c110}.Debug|Any CPU.Build.0 = Debug|Any CPU
		{fd594e3c-4f08-c914-7e27-40f1529eed3a}.Debug|Any CPU.ActiveCfg = Debug|Any CPU
		{fd594e3c-4f08-c914-7e27-40f1529eed3a}.Debug|Any CPU.Build.0 = Debug|Any CPU
		{c8a5eab2-e2f1-ecc1-af2a-2f3398adadeb}.Debug|Any CPU.ActiveCfg = Debug|Any CPU
		{c8a5eab2-e2f1-ecc1-af2a-2f3398adadeb}.Debug|Any CPU.Build.0 = Debug|Any CPU
		{2cff8c20-4158-a5d4-a9d1-a587ef8e800d}.Debug|Any CPU.ActiveCfg = Debug|Any CPU
		{2cff8c20-4158-a5d4-a9d1-a587ef8e800d}.Debug|Any CPU.Build.0 = Debug|Any CPU
		{094f3ea9-2a78-0968-3d22-313fe421a8cc}.Debug|Any CPU.ActiveCfg = Debug|Any CPU
		{094f3ea9-2a78-0968-3d22-313fe421a8cc}.Debug|Any CPU.Build.0 = Debug|Any CPU
		{77252a5f-0c73-053f-8bd2-daf7ef3e38ce}.Debug|Any CPU.ActiveCfg = Debug|Any CPU
		{77252a5f-0c73-053f-8bd2-daf7ef3e38ce}.Debug|Any CPU.Build.0 = Debug|Any CPU
		{8789768b-4fa0-d624-b209-395b403d190f}.Debug|Any CPU.ActiveCfg = Debug|Any CPU
		{8789768b-4fa0-d624-b209-395b403d190f}.Debug|Any CPU.Build.0 = Debug|Any CPU
		{33ef3a3f-e77a-a553-e01e-8c276b097245}.Debug|Any CPU.ActiveCfg = Debug|Any CPU
		{33ef3a3f-e77a-a553-e01e-8c276b097245}.Debug|Any CPU.Build.0 = Debug|Any CPU
		{9d0351a8-3f46-3dbe-ad61-cd075f5c2c98}.Debug|Any CPU.ActiveCfg = Debug|Any CPU
		{9d0351a8-3f46-3dbe-ad61-cd075f5c2c98}.Debug|Any CPU.Build.0 = Debug|Any CPU
		{52073053-5193-d978-67d4-d7e1edcf5bad}.Debug|Any CPU.ActiveCfg = Debug|Any CPU
		{52073053-5193-d978-67d4-d7e1edcf5bad}.Debug|Any CPU.Build.0 = Debug|Any CPU
		{7f13c579-93f8-132d-e5be-d0fcae88e411}.Debug|Any CPU.ActiveCfg = Debug|Any CPU
		{7f13c579-93f8-132d-e5be-d0fcae88e411}.Debug|Any CPU.Build.0 = Debug|Any CPU
		{4cecace8-dbb5-bfdd-eb4c-89e1a47f433b}.Debug|Any CPU.ActiveCfg = Debug|Any CPU
		{4cecace8-dbb5-bfdd-eb4c-89e1a47f433b}.Debug|Any CPU.Build.0 = Debug|Any CPU
		{37d52c38-84a6-a0ea-eee0-00268c8ee86f}.Debug|Any CPU.ActiveCfg = Debug|Any CPU
		{37d52c38-84a6-a0ea-eee0-00268c8ee86f}.Debug|Any CPU.Build.0 = Debug|Any CPU
		{9523c348-d8d6-f63c-9b63-fc90517fd811}.Debug|Any CPU.ActiveCfg = Debug|Any CPU
		{9523c348-d8d6-f63c-9b63-fc90517fd811}.Debug|Any CPU.Build.0 = Debug|Any CPU
		{1b42a66d-30d6-d497-69c0-04f060236e5b}.Debug|Any CPU.ActiveCfg = Debug|Any CPU
		{1b42a66d-30d6-d497-69c0-04f060236e5b}.Debug|Any CPU.Build.0 = Debug|Any CPU
	EndGlobalSection
	GlobalSection(SolutionProperties) = preSolution
		HideSolutionNode = FALSE
	EndGlobalSection
EndGlobal
